
Microsoft Visual Studio Solution File, Format Version 12.00
# Visual Studio Version 16
VisualStudioVersion = 16.0.31624.102
MinimumVisualStudioVersion = 10.0.40219.1
Project("{FAE04EC0-301F-11D3-BF4B-00C04F79EFBC}") = "ClosedXMLExp", "ClosedXMLExp.csproj", "{7D49B8B6-DE12-4BFD-956A-1E58EEE29B61}"
EndProject
Project("{2150E333-8FDC-42A3-9474-1A3956D46DE8}") = "Solution Items", "Solution Items", "{74842D3E-2FBC-4EFD-87F5-BEE15BF4FC10}"
	ProjectSection(SolutionItems) = preProject
		.editorconfig = .editorconfig
	EndProjectSection
EndProject
Global
	GlobalSection(SolutionConfigurationPlatforms) = preSolution
		Debug|Any CPU = Debug|Any CPU
		Release|Any CPU = Release|Any CPU
	EndGlobalSection
	GlobalSection(ProjectConfigurationPlatforms) = postSolution
		{7D49B8B6-DE12-4BFD-956A-1E58EEE29B61}.Debug|Any CPU.ActiveCfg = Debug|Any CPU
		{7D49B8B6-DE12-4BFD-956A-1E58EEE29B61}.Debug|Any CPU.Build.0 = Debug|Any CPU
		{7D49B8B6-DE12-4BFD-956A-1E58EEE29B61}.Release|Any CPU.ActiveCfg = Release|Any CPU
		{7D49B8B6-DE12-4BFD-956A-1E58EEE29B61}.Release|Any CPU.Build.0 = Release|Any CPU
	EndGlobalSection
	GlobalSection(SolutionProperties) = preSolution
		HideSolutionNode = FALSE
	EndGlobalSection
	GlobalSection(ExtensibilityGlobals) = postSolution
		SolutionGuid = {F9EA0559-F4A6-4F51-B0AB-18123F8B2316}
	EndGlobalSection
EndGlobal
